
Microsoft Visual Studio Solution File, Format Version 12.00
# Visual Studio Version 17
VisualStudioVersion = 17.5.33627.172
MinimumVisualStudioVersion = 10.0.40219.1
Project("{FAE04EC0-301F-11D3-BF4B-00C04F79EFBC}") = "Test_Task1", "Test_Task1\Test_Task1.csproj", "{20906BE1-072D-47E5-BC46-2A23CD91BCD8}"
EndProject
Global
	GlobalSection(SolutionConfigurationPlatforms) = preSolution
		Debug|Any CPU = Debug|Any CPU
		Release|Any CPU = Release|Any CPU
	EndGlobalSection
	GlobalSection(ProjectConfigurationPlatforms) = postSolution
		{20906BE1-072D-47E5-BC46-2A23CD91BCD8}.Debug|Any CPU.ActiveCfg = Debug|Any CPU
		{20906BE1-072D-47E5-BC46-2A23CD91BCD8}.Debug|Any CPU.Build.0 = Debug|Any CPU
		{20906BE1-072D-47E5-BC46-2A23CD91BCD8}.Release|Any CPU.ActiveCfg = Release|Any CPU
		{20906BE1-072D-47E5-BC46-2A23CD91BCD8}.Release|Any CPU.Build.0 = Release|Any CPU
	EndGlobalSection
	GlobalSection(SolutionProperties) = preSolution
		HideSolutionNode = FALSE
	EndGlobalSection
	GlobalSection(ExtensibilityGlobals) = postSolution
		SolutionGuid = {B6F95997-99B1-4A4E-85F5-0A0890F1A9EC}
	EndGlobalSection
EndGlobal
